
Microsoft Visual Studio Solution File, Format Version 12.00
# Visual Studio 15
VisualStudioVersion = 15.0.28307.645
MinimumVisualStudioVersion = 10.0.40219.1
Project("{FAE04EC0-301F-11D3-BF4B-00C04F79EFBC}") = "ConsoleHelloWorld", "ConsoleHelloWorld\ConsoleHelloWorld.csproj", "{9B113AB9-AF7C-492F-8040-14F72BD2AA78}"
EndProject
Global
	GlobalSection(SolutionConfigurationPlatforms) = preSolution
		Debug|Any CPU = Debug|Any CPU
		Release|Any CPU = Release|Any CPU
	EndGlobalSection
	GlobalSection(ProjectConfigurationPlatforms) = postSolution
		{9B113AB9-AF7C-492F-8040-14F72BD2AA78}.Debug|Any CPU.ActiveCfg = Debug|Any CPU
		{9B113AB9-AF7C-492F-8040-14F72BD2AA78}.Debug|Any CPU.Build.0 = Debug|Any CPU
		{9B113AB9-AF7C-492F-8040-14F72BD2AA78}.Release|Any CPU.ActiveCfg = Release|Any CPU
		{9B113AB9-AF7C-492F-8040-14F72BD2AA78}.Release|Any CPU.Build.0 = Release|Any CPU
	EndGlobalSection
	GlobalSection(SolutionProperties) = preSolution
		HideSolutionNode = FALSE
	EndGlobalSection
	GlobalSection(ExtensibilityGlobals) = postSolution
		SolutionGuid = {6DD92571-2824-47AE-9894-BCA9AB737F8D}
	EndGlobalSection
EndGlobal
